
Microsoft Visual Studio Solution File, Format Version 12.00
# Visual Studio 14
VisualStudioVersion = 14.0.24720.0
MinimumVisualStudioVersion = 10.0.40219.1
Project("{FAE04EC0-301F-11D3-BF4B-00C04F79EFBC}") = "MathExpressionParser", "MathExpressionParser\MathExpressionParser.csproj", "{64E92913-5748-4E59-A3A1-F5DC5B263ECD}"
EndProject
Project("{FAE04EC0-301F-11D3-BF4B-00C04F79EFBC}") = "MathExpressionParser.Tests", "MathExpressionParser.Tests\MathExpressionParser.Tests.csproj", "{C4406620-7558-4760-817F-D0E48CEF204A}"
EndProject
Project("{FAE04EC0-301F-11D3-BF4B-00C04F79EFBC}") = "CalculatorUI", "CalculatorUI\CalculatorUI.csproj", "{E35EB50F-AF98-440C-BF82-D45DFBBF39E4}"
EndProject
Global
	GlobalSection(SolutionConfigurationPlatforms) = preSolution
		Debug|Any CPU = Debug|Any CPU
		Release|Any CPU = Release|Any CPU
	EndGlobalSection
	GlobalSection(ProjectConfigurationPlatforms) = postSolution
		{64E92913-5748-4E59-A3A1-F5DC5B263ECD}.Debug|Any CPU.ActiveCfg = Debug|Any CPU
		{64E92913-5748-4E59-A3A1-F5DC5B263ECD}.Debug|Any CPU.Build.0 = Debug|Any CPU
		{64E92913-5748-4E59-A3A1-F5DC5B263ECD}.Release|Any CPU.ActiveCfg = Release|Any CPU
		{64E92913-5748-4E59-A3A1-F5DC5B263ECD}.Release|Any CPU.Build.0 = Release|Any CPU
		{C4406620-7558-4760-817F-D0E48CEF204A}.Debug|Any CPU.ActiveCfg = Debug|Any CPU
		{C4406620-7558-4760-817F-D0E48CEF204A}.Debug|Any CPU.Build.0 = Debug|Any CPU
		{C4406620-7558-4760-817F-D0E48CEF204A}.Release|Any CPU.ActiveCfg = Release|Any CPU
		{C4406620-7558-4760-817F-D0E48CEF204A}.Release|Any CPU.Build.0 = Release|Any CPU
		{E35EB50F-AF98-440C-BF82-D45DFBBF39E4}.Debug|Any CPU.ActiveCfg = Debug|Any CPU
		{E35EB50F-AF98-440C-BF82-D45DFBBF39E4}.Debug|Any CPU.Build.0 = Debug|Any CPU
		{E35EB50F-AF98-440C-BF82-D45DFBBF39E4}.Release|Any CPU.ActiveCfg = Release|Any CPU
		{E35EB50F-AF98-440C-BF82-D45DFBBF39E4}.Release|Any CPU.Build.0 = Release|Any CPU
	EndGlobalSection
	GlobalSection(SolutionProperties) = preSolution
		HideSolutionNode = FALSE
	EndGlobalSection
EndGlobal
